{
  "requires": true,
  "lockfileVersion": 1,
  "dependencies": {
    "trumbowyg": {
      "version": "2.20.0",
      "resolved": "https://registry.npmjs.org/trumbowyg/-/trumbowyg-2.20.0.tgz",
      "integrity": "sha512-XdGZtc2eVF7LsMjb/Ilcgqj4ClkPlXz79mxbaQGvBttGodj36JF+HggHGgqtTAcqVXHx0viz9lYPf14zz1rRaA=="
    }
  }
}
